
Microsoft Visual Studio Solution File, Format Version 12.00
# Visual Studio Version 17
VisualStudioVersion = 17.2.32602.215
MinimumVisualStudioVersion = 10.0.40219.1
Project("{54435603-DBB4-11D2-8724-00A0C9A8B90C}") = "SetupMnemoLink", "SetupMnemoLink\SetupMnemoLink.vdproj", "{E80F9703-48E9-4431-B8F8-6C6EFA8C4D05}"
EndProject
Global
	GlobalSection(SolutionConfigurationPlatforms) = preSolution
		Debug|x64 = Debug|x64
		Profile|x64 = Profile|x64
		Release|x64 = Release|x64
	EndGlobalSection
	GlobalSection(ProjectConfigurationPlatforms) = postSolution
		{E80F9703-48E9-4431-B8F8-6C6EFA8C4D05}.Debug|x64.ActiveCfg = Debug
		{E80F9703-48E9-4431-B8F8-6C6EFA8C4D05}.Debug|x64.Build.0 = Debug
		{E80F9703-48E9-4431-B8F8-6C6EFA8C4D05}.Profile|x64.ActiveCfg = Release
		{E80F9703-48E9-4431-B8F8-6C6EFA8C4D05}.Profile|x64.Build.0 = Release
		{E80F9703-48E9-4431-B8F8-6C6EFA8C4D05}.Release|x64.ActiveCfg = Release
		{E80F9703-48E9-4431-B8F8-6C6EFA8C4D05}.Release|x64.Build.0 = Release
	EndGlobalSection
	GlobalSection(SolutionProperties) = preSolution
		HideSolutionNode = FALSE
	EndGlobalSection
	GlobalSection(ExtensibilityGlobals) = postSolution
		SolutionGuid = {978ED446-5E12-48B3-A5E2-50B2E1757504}
	EndGlobalSection
EndGlobal
